
Microsoft Visual Studio Solution File, Format Version 12.00
# Visual Studio Version 17
VisualStudioVersion = 17.11.35312.102
MinimumVisualStudioVersion = 10.0.40219.1
Project("{FAE04EC0-301F-11D3-BF4B-00C04F79EFBC}") = "24-09-24 Herencia empleado supervisor jefe", "24-09-24 Herencia empleado supervisor jefe\24-09-24 Herencia empleado supervisor jefe.csproj", "{15AC2E07-8D28-4B50-8F7B-06ADC6DF6B73}"
EndProject
Global
	GlobalSection(SolutionConfigurationPlatforms) = preSolution
		Debug|Any CPU = Debug|Any CPU
		Release|Any CPU = Release|Any CPU
	EndGlobalSection
	GlobalSection(ProjectConfigurationPlatforms) = postSolution
		{15AC2E07-8D28-4B50-8F7B-06ADC6DF6B73}.Debug|Any CPU.ActiveCfg = Debug|Any CPU
		{15AC2E07-8D28-4B50-8F7B-06ADC6DF6B73}.Debug|Any CPU.Build.0 = Debug|Any CPU
		{15AC2E07-8D28-4B50-8F7B-06ADC6DF6B73}.Release|Any CPU.ActiveCfg = Release|Any CPU
		{15AC2E07-8D28-4B50-8F7B-06ADC6DF6B73}.Release|Any CPU.Build.0 = Release|Any CPU
	EndGlobalSection
	GlobalSection(SolutionProperties) = preSolution
		HideSolutionNode = FALSE
	EndGlobalSection
	GlobalSection(ExtensibilityGlobals) = postSolution
		SolutionGuid = {9979BF92-6F01-444E-AE39-F8702CBE6370}
	EndGlobalSection
EndGlobal
